// !$*UTF8*$!
{
	archiveVersion = 1;
	classes = {
	};
	objectVersion = 46;
	objects = {

/* Begin PBXBuildFile section */
		AE01847F1A2B3F6F009ABA0B /* NewPersonViewController.m in Sources */ = {isa = PBXBuildFile; fileRef = AE01847E1A2B3F6F009ABA0B /* NewPersonViewController.m */; };
		AE41FC491A086AAC009E8A80 /* main.m in Sources */ = {isa = PBXBuildFile; fileRef = AE41FC481A086AAC009E8A80 /* main.m */; };
		AE41FC4C1A086AAC009E8A80 /* AppDelegate.m in Sources */ = {isa = PBXBuildFile; fileRef = AE41FC4B1A086AAC009E8A80 /* AppDelegate.m */; };
		AE41FC4F1A086AAC009E8A80 /* ViewController.m in Sources */ = {isa = PBXBuildFile; fileRef = AE41FC4E1A086AAC009E8A80 /* ViewController.m */; };
		AE41FC521A086AAC009E8A80 /* Main.storyboard in Resources */ = {isa = PBXBuildFile; fileRef = AE41FC501A086AAC009E8A80 /* Main.storyboard */; };
		AE41FC541A086AAC009E8A80 /* Images.xcassets in Resources */ = {isa = PBXBuildFile; fileRef = AE41FC531A086AAC009E8A80 /* Images.xcassets */; };
		AE41FC571A086AAC009E8A80 /* LaunchScreen.xib in Resources */ = {isa = PBXBuildFile; fileRef = AE41FC551A086AAC009E8A80 /* LaunchScreen.xib */; };
		AE41FC631A086AAC009E8A80 /* Balanced_Team_PieTests.m in Sources */ = {isa = PBXBuildFile; fileRef = AE41FC621A086AAC009E8A80 /* Balanced_Team_PieTests.m */; };
		AE41FC6E1A086C9A009E8A80 /* NewGroupViewController.m in Sources */ = {isa = PBXBuildFile; fileRef = AE41FC6D1A086C9A009E8A80 /* NewGroupViewController.m */; };
		AE41FC741A0875E8009E8A80 /* Pie.m in Sources */ = {isa = PBXBuildFile; fileRef = AE41FC731A0875E8009E8A80 /* Pie.m */; };
		AE9B334F1A2AFBBE00B605BD /* ManagerSettingsViewController.m in Sources */ = {isa = PBXBuildFile; fileRef = AE9B334E1A2AFBBE00B605BD /* ManagerSettingsViewController.m */; };
		AE9F5F3A1A2AA5EB00F70B81 /* GroupMemberTableViewController.m in Sources */ = {isa = PBXBuildFile; fileRef = AE9F5F381A2AA5EB00F70B81 /* GroupMemberTableViewController.m */; };
		AECBCD8C1A102CD800E9FD0E /* Person.m in Sources */ = {isa = PBXBuildFile; fileRef = AECBCD8B1A102CD800E9FD0E /* Person.m */; };
		AECBCD8F1A1034EB00E9FD0E /* Group.m in Sources */ = {isa = PBXBuildFile; fileRef = AECBCD8E1A1034EB00E9FD0E /* Group.m */; };
		D861B22F1A1AD06B00820D2D /* PSRItemCell.m in Sources */ = {isa = PBXBuildFile; fileRef = D861B22D1A1AD06B00820D2D /* PSRItemCell.m */; };
		D861B2301A1AD06B00820D2D /* PSRItemCell.xib in Resources */ = {isa = PBXBuildFile; fileRef = D861B22E1A1AD06B00820D2D /* PSRItemCell.xib */; };
		D8FDDC3E1A1A69650092A3C8 /* PSRTableViewController.m in Sources */ = {isa = PBXBuildFile; fileRef = D8FDDC3D1A1A69650092A3C8 /* PSRTableViewController.m */; };
		D8FDDC411A1A6B020092A3C8 /* PSRPerson.m in Sources */ = {isa = PBXBuildFile; fileRef = D8FDDC401A1A6B020092A3C8 /* PSRPerson.m */; };
		D8FDDC471A1A6CF00092A3C8 /* PSRPersonStore.m in Sources */ = {isa = PBXBuildFile; fileRef = D8FDDC461A1A6CF00092A3C8 /* PSRPersonStore.m */; };
		D8FDDC4A1A1A71330092A3C8 /* PSRPieViewController.m in Sources */ = {isa = PBXBuildFile; fileRef = D8FDDC491A1A71330092A3C8 /* PSRPieViewController.m */; };
/* End PBXBuildFile section */

/* Begin PBXContainerItemProxy section */
		AE41FC5D1A086AAC009E8A80 /* PBXContainerItemProxy */ = {
			isa = PBXContainerItemProxy;
			containerPortal = AE41FC3B1A086AAC009E8A80 /* Project object */;
			proxyType = 1;
			remoteGlobalIDString = AE41FC421A086AAC009E8A80;
			remoteInfo = "Balanced Team Pie";
		};
/* End PBXContainerItemProxy section */

/* Begin PBXFileReference section */
		AE01847D1A2B3F6F009ABA0B /* NewPersonViewController.h */ = {isa = PBXFileReference; fileEncoding = 4; lastKnownFileType = sourcecode.c.h; path = NewPersonViewController.h; sourceTree = "<group>"; };
		AE01847E1A2B3F6F009ABA0B /* NewPersonViewController.m */ = {isa = PBXFileReference; fileEncoding = 4; lastKnownFileType = sourcecode.c.objc; path = NewPersonViewController.m; sourceTree = "<group>"; };
		AE41FC431A086AAC009E8A80 /* Balanced Team Pie.app */ = {isa = PBXFileReference; explicitFileType = wrapper.application; includeInIndex = 0; path = "Balanced Team Pie.app"; sourceTree = BUILT_PRODUCTS_DIR; };
		AE41FC471A086AAC009E8A80 /* Info.plist */ = {isa = PBXFileReference; lastKnownFileType = text.plist.xml; path = Info.plist; sourceTree = "<group>"; };
		AE41FC481A086AAC009E8A80 /* main.m */ = {isa = PBXFileReference; lastKnownFileType = sourcecode.c.objc; path = main.m; sourceTree = "<group>"; };
		AE41FC4A1A086AAC009E8A80 /* AppDelegate.h */ = {isa = PBXFileReference; lastKnownFileType = sourcecode.c.h; path = AppDelegate.h; sourceTree = "<group>"; };
		AE41FC4B1A086AAC009E8A80 /* AppDelegate.m */ = {isa = PBXFileReference; lastKnownFileType = sourcecode.c.objc; path = AppDelegate.m; sourceTree = "<group>"; };
		AE41FC4D1A086AAC009E8A80 /* ViewController.h */ = {isa = PBXFileReference; lastKnownFileType = sourcecode.c.h; path = ViewController.h; sourceTree = "<group>"; };
		AE41FC4E1A086AAC009E8A80 /* ViewController.m */ = {isa = PBXFileReference; lastKnownFileType = sourcecode.c.objc; path = ViewController.m; sourceTree = "<group>"; };
		AE41FC511A086AAC009E8A80 /* Base */ = {isa = PBXFileReference; lastKnownFileType = file.storyboard; name = Base; path = Base.lproj/Main.storyboard; sourceTree = "<group>"; };
		AE41FC531A086AAC009E8A80 /* Images.xcassets */ = {isa = PBXFileReference; lastKnownFileType = folder.assetcatalog; path = Images.xcassets; sourceTree = "<group>"; };
		AE41FC561A086AAC009E8A80 /* Base */ = {isa = PBXFileReference; lastKnownFileType = file.xib; name = Base; path = Base.lproj/LaunchScreen.xib; sourceTree = "<group>"; };
		AE41FC5C1A086AAC009E8A80 /* Balanced Team PieTests.xctest */ = {isa = PBXFileReference; explicitFileType = wrapper.cfbundle; includeInIndex = 0; path = "Balanced Team PieTests.xctest"; sourceTree = BUILT_PRODUCTS_DIR; };
		AE41FC611A086AAC009E8A80 /* Info.plist */ = {isa = PBXFileReference; lastKnownFileType = text.plist.xml; path = Info.plist; sourceTree = "<group>"; };
		AE41FC621A086AAC009E8A80 /* Balanced_Team_PieTests.m */ = {isa = PBXFileReference; lastKnownFileType = sourcecode.c.objc; path = Balanced_Team_PieTests.m; sourceTree = "<group>"; };
		AE41FC6C1A086C9A009E8A80 /* NewGroupViewController.h */ = {isa = PBXFileReference; fileEncoding = 4; lastKnownFileType = sourcecode.c.h; path = NewGroupViewController.h; sourceTree = "<group>"; };
		AE41FC6D1A086C9A009E8A80 /* NewGroupViewController.m */ = {isa = PBXFileReference; fileEncoding = 4; lastKnownFileType = sourcecode.c.objc; path = NewGroupViewController.m; sourceTree = "<group>"; };
		AE41FC721A087480009E8A80 /* Pie.h */ = {isa = PBXFileReference; lastKnownFileType = sourcecode.c.h; path = Pie.h; sourceTree = "<group>"; };
		AE41FC731A0875E8009E8A80 /* Pie.m */ = {isa = PBXFileReference; fileEncoding = 4; lastKnownFileType = sourcecode.c.objc; path = Pie.m; sourceTree = "<group>"; };
		AE9B334D1A2AFBBE00B605BD /* ManagerSettingsViewController.h */ = {isa = PBXFileReference; fileEncoding = 4; lastKnownFileType = sourcecode.c.h; path = ManagerSettingsViewController.h; sourceTree = "<group>"; };
		AE9B334E1A2AFBBE00B605BD /* ManagerSettingsViewController.m */ = {isa = PBXFileReference; fileEncoding = 4; lastKnownFileType = sourcecode.c.objc; path = ManagerSettingsViewController.m; sourceTree = "<group>"; };
		AE9F5F371A2AA5EB00F70B81 /* GroupMemberTableViewController.h */ = {isa = PBXFileReference; fileEncoding = 4; lastKnownFileType = sourcecode.c.h; path = GroupMemberTableViewController.h; sourceTree = "<group>"; };
		AE9F5F381A2AA5EB00F70B81 /* GroupMemberTableViewController.m */ = {isa = PBXFileReference; fileEncoding = 4; lastKnownFileType = sourcecode.c.objc; path = GroupMemberTableViewController.m; sourceTree = "<group>"; };
		AECBCD8A1A102CC100E9FD0E /* Person.h */ = {isa = PBXFileReference; lastKnownFileType = sourcecode.c.h; path = Person.h; sourceTree = "<group>"; };
		AECBCD8B1A102CD800E9FD0E /* Person.m */ = {isa = PBXFileReference; fileEncoding = 4; lastKnownFileType = sourcecode.c.objc; path = Person.m; sourceTree = "<group>"; };
		AECBCD8D1A102DDC00E9FD0E /* Group.h */ = {isa = PBXFileReference; lastKnownFileType = sourcecode.c.h; path = Group.h; sourceTree = "<group>"; };
		AECBCD8E1A1034EB00E9FD0E /* Group.m */ = {isa = PBXFileReference; fileEncoding = 4; lastKnownFileType = sourcecode.c.objc; path = Group.m; sourceTree = "<group>"; };
		D861B22C1A1AD06B00820D2D /* PSRItemCell.h */ = {isa = PBXFileReference; fileEncoding = 4; lastKnownFileType = sourcecode.c.h; path = PSRItemCell.h; sourceTree = "<group>"; };
		D861B22D1A1AD06B00820D2D /* PSRItemCell.m */ = {isa = PBXFileReference; fileEncoding = 4; lastKnownFileType = sourcecode.c.objc; path = PSRItemCell.m; sourceTree = "<group>"; };
		D861B22E1A1AD06B00820D2D /* PSRItemCell.xib */ = {isa = PBXFileReference; fileEncoding = 4; lastKnownFileType = file.xib; path = PSRItemCell.xib; sourceTree = "<group>"; };
		D8FDDC3C1A1A69650092A3C8 /* PSRTableViewController.h */ = {isa = PBXFileReference; fileEncoding = 4; lastKnownFileType = sourcecode.c.h; path = PSRTableViewController.h; sourceTree = "<group>"; };
		D8FDDC3D1A1A69650092A3C8 /* PSRTableViewController.m */ = {isa = PBXFileReference; fileEncoding = 4; lastKnownFileType = sourcecode.c.objc; path = PSRTableViewController.m; sourceTree = "<group>"; };
		D8FDDC3F1A1A6B020092A3C8 /* PSRPerson.h */ = {isa = PBXFileReference; fileEncoding = 4; lastKnownFileType = sourcecode.c.h; path = PSRPerson.h; sourceTree = "<group>"; };
		D8FDDC401A1A6B020092A3C8 /* PSRPerson.m */ = {isa = PBXFileReference; fileEncoding = 4; lastKnownFileType = sourcecode.c.objc; path = PSRPerson.m; sourceTree = "<group>"; };
		D8FDDC451A1A6CF00092A3C8 /* PSRPersonStore.h */ = {isa = PBXFileReference; fileEncoding = 4; lastKnownFileType = sourcecode.c.h; path = PSRPersonStore.h; sourceTree = "<group>"; };
		D8FDDC461A1A6CF00092A3C8 /* PSRPersonStore.m */ = {isa = PBXFileReference; fileEncoding = 4; lastKnownFileType = sourcecode.c.objc; path = PSRPersonStore.m; sourceTree = "<group>"; };
		D8FDDC481A1A71330092A3C8 /* PSRPieViewController.h */ = {isa = PBXFileReference; fileEncoding = 4; lastKnownFileType = sourcecode.c.h; path = PSRPieViewController.h; sourceTree = "<group>"; };
		D8FDDC491A1A71330092A3C8 /* PSRPieViewController.m */ = {isa = PBXFileReference; fileEncoding = 4; lastKnownFileType = sourcecode.c.objc; path = PSRPieViewController.m; sourceTree = "<group>"; };
/* End PBXFileReference section */

/* Begin PBXFrameworksBuildPhase section */
		AE41FC401A086AAC009E8A80 /* Frameworks */ = {
			isa = PBXFrameworksBuildPhase;
			buildActionMask = 2147483647;
			files = (
			);
			runOnlyForDeploymentPostprocessing = 0;
		};
		AE41FC591A086AAC009E8A80 /* Frameworks */ = {
			isa = PBXFrameworksBuildPhase;
			buildActionMask = 2147483647;
			files = (
			);
			runOnlyForDeploymentPostprocessing = 0;
		};
/* End PBXFrameworksBuildPhase section */

/* Begin PBXGroup section */
		AE41FC3A1A086AAC009E8A80 = {
			isa = PBXGroup;
			children = (
				AE41FC451A086AAC009E8A80 /* Balanced Team Pie */,
				AE41FC5F1A086AAC009E8A80 /* Balanced Team PieTests */,
				AE41FC441A086AAC009E8A80 /* Products */,
			);
			sourceTree = "<group>";
		};
		AE41FC441A086AAC009E8A80 /* Products */ = {
			isa = PBXGroup;
			children = (
				AE41FC431A086AAC009E8A80 /* Balanced Team Pie.app */,
				AE41FC5C1A086AAC009E8A80 /* Balanced Team PieTests.xctest */,
			);
			name = Products;
			sourceTree = "<group>";
		};
		AE41FC451A086AAC009E8A80 /* Balanced Team Pie */ = {
			isa = PBXGroup;
			children = (
				AE41FC4A1A086AAC009E8A80 /* AppDelegate.h */,
				AE41FC4B1A086AAC009E8A80 /* AppDelegate.m */,
				AE41FC4D1A086AAC009E8A80 /* ViewController.h */,
				AE41FC4E1A086AAC009E8A80 /* ViewController.m */,
				AE41FC6C1A086C9A009E8A80 /* NewGroupViewController.h */,
				AE41FC6D1A086C9A009E8A80 /* NewGroupViewController.m */,
				AE9B334D1A2AFBBE00B605BD /* ManagerSettingsViewController.h */,
				AE9B334E1A2AFBBE00B605BD /* ManagerSettingsViewController.m */,
				AE01847D1A2B3F6F009ABA0B /* NewPersonViewController.h */,
				AE01847E1A2B3F6F009ABA0B /* NewPersonViewController.m */,
				AE9F5F371A2AA5EB00F70B81 /* GroupMemberTableViewController.h */,
				AE9F5F381A2AA5EB00F70B81 /* GroupMemberTableViewController.m */,
				AE41FC501A086AAC009E8A80 /* Main.storyboard */,
				AE41FC531A086AAC009E8A80 /* Images.xcassets */,
				AE41FC551A086AAC009E8A80 /* LaunchScreen.xib */,
				AE41FC721A087480009E8A80 /* Pie.h */,
				AE41FC731A0875E8009E8A80 /* Pie.m */,
				AECBCD8A1A102CC100E9FD0E /* Person.h */,
				AECBCD8B1A102CD800E9FD0E /* Person.m */,
				AECBCD8D1A102DDC00E9FD0E /* Group.h */,
				AECBCD8E1A1034EB00E9FD0E /* Group.m */,
				AE41FC461A086AAC009E8A80 /* Supporting Files */,
				D8FDDC3F1A1A6B020092A3C8 /* PSRPerson.h */,
				D8FDDC401A1A6B020092A3C8 /* PSRPerson.m */,
				D861B22C1A1AD06B00820D2D /* PSRItemCell.h */,
				D861B22D1A1AD06B00820D2D /* PSRItemCell.m */,
				D861B22E1A1AD06B00820D2D /* PSRItemCell.xib */,
				D8FDDC451A1A6CF00092A3C8 /* PSRPersonStore.h */,
				D8FDDC461A1A6CF00092A3C8 /* PSRPersonStore.m */,
				D8FDDC3C1A1A69650092A3C8 /* PSRTableViewController.h */,
				D8FDDC3D1A1A69650092A3C8 /* PSRTableViewController.m */,
				D8FDDC481A1A71330092A3C8 /* PSRPieViewController.h */,
				D8FDDC491A1A71330092A3C8 /* PSRPieViewController.m */,
			);
			path = "Balanced Team Pie";
			sourceTree = "<group>";
		};
		AE41FC461A086AAC009E8A80 /* Supporting Files */ = {
			isa = PBXGroup;
			children = (
				AE41FC471A086AAC009E8A80 /* Info.plist */,
				AE41FC481A086AAC009E8A80 /* main.m */,
			);
			name = "Supporting Files";
			sourceTree = "<group>";
		};
		AE41FC5F1A086AAC009E8A80 /* Balanced Team PieTests */ = {
			isa = PBXGroup;
			children = (
				AE41FC621A086AAC009E8A80 /* Balanced_Team_PieTests.m */,
				AE41FC601A086AAC009E8A80 /* Supporting Files */,
			);
			path = "Balanced Team PieTests";
			sourceTree = "<group>";
		};
		AE41FC601A086AAC009E8A80 /* Supporting Files */ = {
			isa = PBXGroup;
			children = (
				AE41FC611A086AAC009E8A80 /* Info.plist */,
			);
			name = "Supporting Files";
			sourceTree = "<group>";
		};
/* End PBXGroup section */

/* Begin PBXNativeTarget section */
		AE41FC421A086AAC009E8A80 /* Balanced Team Pie */ = {
			isa = PBXNativeTarget;
			buildConfigurationList = AE41FC661A086AAC009E8A80 /* Build configuration list for PBXNativeTarget "Balanced Team Pie" */;
			buildPhases = (
				AE41FC3F1A086AAC009E8A80 /* Sources */,
				AE41FC401A086AAC009E8A80 /* Frameworks */,
				AE41FC411A086AAC009E8A80 /* Resources */,
			);
			buildRules = (
			);
			dependencies = (
			);
			name = "Balanced Team Pie";
			productName = "Balanced Team Pie";
			productReference = AE41FC431A086AAC009E8A80 /* Balanced Team Pie.app */;
			productType = "com.apple.product-type.application";
		};
		AE41FC5B1A086AAC009E8A80 /* Balanced Team PieTests */ = {
			isa = PBXNativeTarget;
			buildConfigurationList = AE41FC691A086AAC009E8A80 /* Build configuration list for PBXNativeTarget "Balanced Team PieTests" */;
			buildPhases = (
				AE41FC581A086AAC009E8A80 /* Sources */,
				AE41FC591A086AAC009E8A80 /* Frameworks */,
				AE41FC5A1A086AAC009E8A80 /* Resources */,
			);
			buildRules = (
			);
			dependencies = (
				AE41FC5E1A086AAC009E8A80 /* PBXTargetDependency */,
			);
			name = "Balanced Team PieTests";
			productName = "Balanced Team PieTests";
			productReference = AE41FC5C1A086AAC009E8A80 /* Balanced Team PieTests.xctest */;
			productType = "com.apple.product-type.bundle.unit-test";
		};
/* End PBXNativeTarget section */

/* Begin PBXProject section */
		AE41FC3B1A086AAC009E8A80 /* Project object */ = {
			isa = PBXProject;
			attributes = {
				LastUpgradeCheck = 0610;
				ORGANIZATIONNAME = "Derek Tong";
				TargetAttributes = {
					AE41FC421A086AAC009E8A80 = {
						CreatedOnToolsVersion = 6.1;
					};
					AE41FC5B1A086AAC009E8A80 = {
						CreatedOnToolsVersion = 6.1;
						TestTargetID = AE41FC421A086AAC009E8A80;
					};
				};
			};
			buildConfigurationList = AE41FC3E1A086AAC009E8A80 /* Build configuration list for PBXProject "Balanced Team Pie" */;
			compatibilityVersion = "Xcode 3.2";
			developmentRegion = English;
			hasScannedForEncodings = 0;
			knownRegions = (
				en,
				Base,
			);
			mainGroup = AE41FC3A1A086AAC009E8A80;
			productRefGroup = AE41FC441A086AAC009E8A80 /* Products */;
			projectDirPath = "";
			projectRoot = "";
			targets = (
				AE41FC421A086AAC009E8A80 /* Balanced Team Pie */,
				AE41FC5B1A086AAC009E8A80 /* Balanced Team PieTests */,
			);
		};
/* End PBXProject section */

/* Begin PBXResourcesBuildPhase section */
		AE41FC411A086AAC009E8A80 /* Resources */ = {
			isa = PBXResourcesBuildPhase;
			buildActionMask = 2147483647;
			files = (
				D861B2301A1AD06B00820D2D /* PSRItemCell.xib in Resources */,
				AE41FC521A086AAC009E8A80 /* Main.storyboard in Resources */,
				AE41FC571A086AAC009E8A80 /* LaunchScreen.xib in Resources */,
				AE41FC541A086AAC009E8A80 /* Images.xcassets in Resources */,
			);
			runOnlyForDeploymentPostprocessing = 0;
		};
		AE41FC5A1A086AAC009E8A80 /* Resources */ = {
			isa = PBXResourcesBuildPhase;
			buildActionMask = 2147483647;
			files = (
			);
			runOnlyForDeploymentPostprocessing = 0;
		};
/* End PBXResourcesBuildPhase section */

/* Begin PBXSourcesBuildPhase section */
		AE41FC3F1A086AAC009E8A80 /* Sources */ = {
			isa = PBXSourcesBuildPhase;
			buildActionMask = 2147483647;
			files = (
				AE01847F1A2B3F6F009ABA0B /* NewPersonViewController.m in Sources */,
				D861B22F1A1AD06B00820D2D /* PSRItemCell.m in Sources */,
				AE9B334F1A2AFBBE00B605BD /* ManagerSettingsViewController.m in Sources */,
				D8FDDC411A1A6B020092A3C8 /* PSRPerson.m in Sources */,
				D8FDDC471A1A6CF00092A3C8 /* PSRPersonStore.m in Sources */,
				AECBCD8C1A102CD800E9FD0E /* Person.m in Sources */,
				D8FDDC4A1A1A71330092A3C8 /* PSRPieViewController.m in Sources */,
				AE9F5F3A1A2AA5EB00F70B81 /* GroupMemberTableViewController.m in Sources */,
				AE41FC741A0875E8009E8A80 /* Pie.m in Sources */,
				D8FDDC3E1A1A69650092A3C8 /* PSRTableViewController.m in Sources */,
				AECBCD8F1A1034EB00E9FD0E /* Group.m in Sources */,
				AE41FC4F1A086AAC009E8A80 /* ViewController.m in Sources */,
				AE41FC6E1A086C9A009E8A80 /* NewGroupViewController.m in Sources */,
				AE41FC4C1A086AAC009E8A80 /* AppDelegate.m in Sources */,
				AE41FC491A086AAC009E8A80 /* main.m in Sources */,
			);
			runOnlyForDeploymentPostprocessing = 0;
		};
		AE41FC581A086AAC009E8A80 /* Sources */ = {
			isa = PBXSourcesBuildPhase;
			buildActionMask = 2147483647;
			files = (
				AE41FC631A086AAC009E8A80 /* Balanced_Team_PieTests.m in Sources */,
			);
			runOnlyForDeploymentPostprocessing = 0;
		};
/* End PBXSourcesBuildPhase section */

/* Begin PBXTargetDependency section */
		AE41FC5E1A086AAC009E8A80 /* PBXTargetDependency */ = {
			isa = PBXTargetDependency;
			target = AE41FC421A086AAC009E8A80 /* Balanced Team Pie */;
			targetProxy = AE41FC5D1A086AAC009E8A80 /* PBXContainerItemProxy */;
		};
/* End PBXTargetDependency section */

/* Begin PBXVariantGroup section */
		AE41FC501A086AAC009E8A80 /* Main.storyboard */ = {
			isa = PBXVariantGroup;
			children = (
				AE41FC511A086AAC009E8A80 /* Base */,
			);
			name = Main.storyboard;
			sourceTree = "<group>";
		};
		AE41FC551A086AAC009E8A80 /* LaunchScreen.xib */ = {
			isa = PBXVariantGroup;
			children = (
				AE41FC561A086AAC009E8A80 /* Base */,
			);
			name = LaunchScreen.xib;
			sourceTree = "<group>";
		};
/* End PBXVariantGroup section */

/* Begin XCBuildConfiguration section */
		AE41FC641A086AAC009E8A80 /* Debug */ = {
			isa = XCBuildConfiguration;
			buildSettings = {
				ALWAYS_SEARCH_USER_PATHS = NO;
				CLANG_CXX_LANGUAGE_STANDARD = "gnu++0x";
				CLANG_CXX_LIBRARY = "libc++";
				CLANG_ENABLE_MODULES = YES;
				CLANG_ENABLE_OBJC_ARC = YES;
				CLANG_WARN_BOOL_CONVERSION = YES;
				CLANG_WARN_CONSTANT_CONVERSION = YES;
				CLANG_WARN_DIRECT_OBJC_ISA_USAGE = YES_ERROR;
				CLANG_WARN_EMPTY_BODY = YES;
				CLANG_WARN_ENUM_CONVERSION = YES;
				CLANG_WARN_INT_CONVERSION = YES;
				CLANG_WARN_OBJC_ROOT_CLASS = YES_ERROR;
				CLANG_WARN_UNREACHABLE_CODE = YES;
				CLANG_WARN__DUPLICATE_METHOD_MATCH = YES;
				"CODE_SIGN_IDENTITY[sdk=iphoneos*]" = "iPhone Developer";
				COPY_PHASE_STRIP = NO;
				ENABLE_STRICT_OBJC_MSGSEND = YES;
				GCC_C_LANGUAGE_STANDARD = gnu99;
				GCC_DYNAMIC_NO_PIC = NO;
				GCC_OPTIMIZATION_LEVEL = 0;
				GCC_PREPROCESSOR_DEFINITIONS = (
					"DEBUG=1",
					"$(inherited)",
				);
				GCC_SYMBOLS_PRIVATE_EXTERN = NO;
				GCC_WARN_64_TO_32_BIT_CONVERSION = YES;
				GCC_WARN_ABOUT_RETURN_TYPE = YES_ERROR;
				GCC_WARN_UNDECLARED_SELECTOR = YES;
				GCC_WARN_UNINITIALIZED_AUTOS = YES_AGGRESSIVE;
				GCC_WARN_UNUSED_FUNCTION = YES;
				GCC_WARN_UNUSED_VARIABLE = YES;
				IPHONEOS_DEPLOYMENT_TARGET = 8.1;
				MTL_ENABLE_DEBUG_INFO = YES;
				ONLY_ACTIVE_ARCH = YES;
				SDKROOT = iphoneos;
			};
			name = Debug;
		};
		AE41FC651A086AAC009E8A80 /* Release */ = {
			isa = XCBuildConfiguration;
			buildSettings = {
				ALWAYS_SEARCH_USER_PATHS = NO;
				CLANG_CXX_LANGUAGE_STANDARD = "gnu++0x";
				CLANG_CXX_LIBRARY = "libc++";
				CLANG_ENABLE_MODULES = YES;
				CLANG_ENABLE_OBJC_ARC = YES;
				CLANG_WARN_BOOL_CONVERSION = YES;
				CLANG_WARN_CONSTANT_CONVERSION = YES;
				CLANG_WARN_DIRECT_OBJC_ISA_USAGE = YES_ERROR;
				CLANG_WARN_EMPTY_BODY = YES;
				CLANG_WARN_ENUM_CONVERSION = YES;
				CLANG_WARN_INT_CONVERSION = YES;
				CLANG_WARN_OBJC_ROOT_CLASS = YES_ERROR;
				CLANG_WARN_UNREACHABLE_CODE = YES;
				CLANG_WARN__DUPLICATE_METHOD_MATCH = YES;
				"CODE_SIGN_IDENTITY[sdk=iphoneos*]" = "iPhone Developer";
				COPY_PHASE_STRIP = YES;
				ENABLE_NS_ASSERTIONS = NO;
				ENABLE_STRICT_OBJC_MSGSEND = YES;
				GCC_C_LANGUAGE_STANDARD = gnu99;
				GCC_WARN_64_TO_32_BIT_CONVERSION = YES;
				GCC_WARN_ABOUT_RETURN_TYPE = YES_ERROR;
				GCC_WARN_UNDECLARED_SELECTOR = YES;
				GCC_WARN_UNINITIALIZED_AUTOS = YES_AGGRESSIVE;
				GCC_WARN_UNUSED_FUNCTION = YES;
				GCC_WARN_UNUSED_VARIABLE = YES;
				IPHONEOS_DEPLOYMENT_TARGET = 8.1;
				MTL_ENABLE_DEBUG_INFO = NO;
				SDKROOT = iphoneos;
				VALIDATE_PRODUCT = YES;
			};
			name = Release;
		};
		AE41FC671A086AAC009E8A80 /* Debug */ = {
			isa = XCBuildConfiguration;
			buildSettings = {
				ASSETCATALOG_COMPILER_APPICON_NAME = AppIcon;
				INFOPLIST_FILE = "Balanced Team Pie/Info.plist";
				LD_RUNPATH_SEARCH_PATHS = "$(inherited) @executable_path/Frameworks";
				PRODUCT_NAME = "$(TARGET_NAME)";
			};
			name = Debug;
		};
		AE41FC681A086AAC009E8A80 /* Release */ = {
			isa = XCBuildConfiguration;
			buildSettings = {
				ASSETCATALOG_COMPILER_APPICON_NAME = AppIcon;
				INFOPLIST_FILE = "Balanced Team Pie/Info.plist";
				LD_RUNPATH_SEARCH_PATHS = "$(inherited) @executable_path/Frameworks";
				PRODUCT_NAME = "$(TARGET_NAME)";
			};
			name = Release;
		};
		AE41FC6A1A086AAC009E8A80 /* Debug */ = {
			isa = XCBuildConfiguration;
			buildSettings = {
				BUNDLE_LOADER = "$(TEST_HOST)";
				FRAMEWORK_SEARCH_PATHS = (
					"$(SDKROOT)/Developer/Library/Frameworks",
					"$(inherited)",
				);
				GCC_PREPROCESSOR_DEFINITIONS = (
					"DEBUG=1",
					"$(inherited)",
				);
				INFOPLIST_FILE = "Balanced Team PieTests/Info.plist";
				LD_RUNPATH_SEARCH_PATHS = "$(inherited) @executable_path/Frameworks @loader_path/Frameworks";
				PRODUCT_NAME = "$(TARGET_NAME)";
				TEST_HOST = "$(BUILT_PRODUCTS_DIR)/Balanced Team Pie.app/Balanced Team Pie";
			};
			name = Debug;
		};
		AE41FC6B1A086AAC009E8A80 /* Release */ = {
			isa = XCBuildConfiguration;
			buildSettings = {
				BUNDLE_LOADER = "$(TEST_HOST)";
				FRAMEWORK_SEARCH_PATHS = (
					"$(SDKROOT)/Developer/Library/Frameworks",
					"$(inherited)",
				);
				INFOPLIST_FILE = "Balanced Team PieTests/Info.plist";
				LD_RUNPATH_SEARCH_PATHS = "$(inherited) @executable_path/Frameworks @loader_path/Frameworks";
				PRODUCT_NAME = "$(TARGET_NAME)";
				TEST_HOST = "$(BUILT_PRODUCTS_DIR)/Balanced Team Pie.app/Balanced Team Pie";
			};
			name = Release;
		};
/* End XCBuildConfiguration section */

/* Begin XCConfigurationList section */
		AE41FC3E1A086AAC009E8A80 /* Build configuration list for PBXProject "Balanced Team Pie" */ = {
			isa = XCConfigurationList;
			buildConfigurations = (
				AE41FC641A086AAC009E8A80 /* Debug */,
				AE41FC651A086AAC009E8A80 /* Release */,
			);
			defaultConfigurationIsVisible = 0;
			defaultConfigurationName = Release;
		};
		AE41FC661A086AAC009E8A80 /* Build configuration list for PBXNativeTarget "Balanced Team Pie" */ = {
			isa = XCConfigurationList;
			buildConfigurations = (
				AE41FC671A086AAC009E8A80 /* Debug */,
				AE41FC681A086AAC009E8A80 /* Release */,
			);
			defaultConfigurationIsVisible = 0;
			defaultConfigurationName = Release;
		};
		AE41FC691A086AAC009E8A80 /* Build configuration list for PBXNativeTarget "Balanced Team PieTests" */ = {
			isa = XCConfigurationList;
			buildConfigurations = (
				AE41FC6A1A086AAC009E8A80 /* Debug */,
				AE41FC6B1A086AAC009E8A80 /* Release */,
			);
			defaultConfigurationIsVisible = 0;
			defaultConfigurationName = Release;
		};
/* End XCConfigurationList section */
	};
	rootObject = AE41FC3B1A086AAC009E8A80 /* Project object */;
}
